{
  "name": "lab-redmine-theme-flat",
  "version": "1.0.0",
  "lockfileVersion": 1,
  "requires": true,
  "dependencies": {
    "compass-mixins-fixed": {
      "version": "1.0.1",
      "resolved": "https://registry.npmjs.org/compass-mixins-fixed/-/compass-mixins-fixed-1.0.1.tgz",
      "integrity": "sha512-d0r6uoA1UnnBgJD6uu5EdUXd6POytnyKHK80PT6+u7IEmaqm6f4zs/zVaC5sl1ZmNnwlBYfGbapEUWkqwHtIwQ=="
    }
  }
}
